
Microsoft Visual Studio Solution File, Format Version 12.00
# Visual Studio 15
VisualStudioVersion = 15.0.26430.14
MinimumVisualStudioVersion = 10.0.40219.1
Project("{FAE04EC0-301F-11D3-BF4B-00C04F79EFBC}") = "Qwerty.Encrypt.Demo", "Qwerty.Encrypt.Demo\Qwerty.Encrypt.Demo.csproj", "{C1699E4E-67C0-4210-96C0-BFA59C5F0523}"
EndProject
Project("{FAE04EC0-301F-11D3-BF4B-00C04F79EFBC}") = "Core.Encrypt.demo", "Core.Encrypt.demo\Core.Encrypt.demo.csproj", "{9B542378-E356-484A-A153-B91275F4F10F}"
EndProject
Project("{FAE04EC0-301F-11D3-BF4B-00C04F79EFBC}") = "Demo1", "Demo1\Demo1.csproj", "{C066CA74-9D8A-4DF9-BD09-8ED02433F635}"
EndProject
Global
	GlobalSection(SolutionConfigurationPlatforms) = preSolution
		Debug|Any CPU = Debug|Any CPU
		Release|Any CPU = Release|Any CPU
	EndGlobalSection
	GlobalSection(ProjectConfigurationPlatforms) = postSolution
		{C1699E4E-67C0-4210-96C0-BFA59C5F0523}.Debug|Any CPU.ActiveCfg = Debug|Any CPU
		{C1699E4E-67C0-4210-96C0-BFA59C5F0523}.Debug|Any CPU.Build.0 = Debug|Any CPU
		{C1699E4E-67C0-4210-96C0-BFA59C5F0523}.Release|Any CPU.ActiveCfg = Release|Any CPU
		{C1699E4E-67C0-4210-96C0-BFA59C5F0523}.Release|Any CPU.Build.0 = Release|Any CPU
		{9B542378-E356-484A-A153-B91275F4F10F}.Debug|Any CPU.ActiveCfg = Debug|Any CPU
		{9B542378-E356-484A-A153-B91275F4F10F}.Debug|Any CPU.Build.0 = Debug|Any CPU
		{9B542378-E356-484A-A153-B91275F4F10F}.Release|Any CPU.ActiveCfg = Release|Any CPU
		{9B542378-E356-484A-A153-B91275F4F10F}.Release|Any CPU.Build.0 = Release|Any CPU
		{C066CA74-9D8A-4DF9-BD09-8ED02433F635}.Debug|Any CPU.ActiveCfg = Debug|Any CPU
		{C066CA74-9D8A-4DF9-BD09-8ED02433F635}.Debug|Any CPU.Build.0 = Debug|Any CPU
		{C066CA74-9D8A-4DF9-BD09-8ED02433F635}.Release|Any CPU.ActiveCfg = Release|Any CPU
		{C066CA74-9D8A-4DF9-BD09-8ED02433F635}.Release|Any CPU.Build.0 = Release|Any CPU
	EndGlobalSection
	GlobalSection(SolutionProperties) = preSolution
		HideSolutionNode = FALSE
	EndGlobalSection
EndGlobal
